
Microsoft Visual Studio Solution File, Format Version 12.00
# Visual Studio Version 16
VisualStudioVersion = 16.0.29911.84
MinimumVisualStudioVersion = 10.0.40219.1
Project("{FAE04EC0-301F-11D3-BF4B-00C04F79EFBC}") = "Clinic_Full", "Clinic_Full\Clinic_Full.csproj", "{57109DE6-6CBA-48BD-96D2-724EAFE2C74B}"
EndProject
Global
	GlobalSection(SolutionConfigurationPlatforms) = preSolution
		Debug|Any CPU = Debug|Any CPU
		Release|Any CPU = Release|Any CPU
	EndGlobalSection
	GlobalSection(ProjectConfigurationPlatforms) = postSolution
		{57109DE6-6CBA-48BD-96D2-724EAFE2C74B}.Debug|Any CPU.ActiveCfg = Debug|Any CPU
		{57109DE6-6CBA-48BD-96D2-724EAFE2C74B}.Debug|Any CPU.Build.0 = Debug|Any CPU
		{57109DE6-6CBA-48BD-96D2-724EAFE2C74B}.Release|Any CPU.ActiveCfg = Release|Any CPU
		{57109DE6-6CBA-48BD-96D2-724EAFE2C74B}.Release|Any CPU.Build.0 = Release|Any CPU
	EndGlobalSection
	GlobalSection(SolutionProperties) = preSolution
		HideSolutionNode = FALSE
	EndGlobalSection
	GlobalSection(ExtensibilityGlobals) = postSolution
		SolutionGuid = {34196598-256F-4AF5-A70E-4080ABA60534}
	EndGlobalSection
EndGlobal
